
Microsoft Visual Studio Solution File, Format Version 12.00
# Visual Studio Version 17
VisualStudioVersion = 17.14.36518.9 d17.14
MinimumVisualStudioVersion = 10.0.40219.1
Project("{FAE04EC0-301F-11D3-BF4B-00C04F79EFBC}") = "ConsoleApp9", "ConsoleApp9.csproj", "{0A101910-E3DF-4412-A6DE-67CAF7CF3658}"
EndProject
Project("{FAE04EC0-301F-11D3-BF4B-00C04F79EFBC}") = "Models", "..\Models\Models.csproj", "{7D7E924A-5C4D-4F05-B61D-C07F49ADF859}"
EndProject
Global
	GlobalSection(SolutionConfigurationPlatforms) = preSolution
		Debug|Any CPU = Debug|Any CPU
		Release|Any CPU = Release|Any CPU
	EndGlobalSection
	GlobalSection(ProjectConfigurationPlatforms) = postSolution
		{0A101910-E3DF-4412-A6DE-67CAF7CF3658}.Debug|Any CPU.ActiveCfg = Debug|Any CPU
		{0A101910-E3DF-4412-A6DE-67CAF7CF3658}.Debug|Any CPU.Build.0 = Debug|Any CPU
		{0A101910-E3DF-4412-A6DE-67CAF7CF3658}.Release|Any CPU.ActiveCfg = Release|Any CPU
		{0A101910-E3DF-4412-A6DE-67CAF7CF3658}.Release|Any CPU.Build.0 = Release|Any CPU
		{7D7E924A-5C4D-4F05-B61D-C07F49ADF859}.Debug|Any CPU.ActiveCfg = Debug|Any CPU
		{7D7E924A-5C4D-4F05-B61D-C07F49ADF859}.Debug|Any CPU.Build.0 = Debug|Any CPU
		{7D7E924A-5C4D-4F05-B61D-C07F49ADF859}.Release|Any CPU.ActiveCfg = Release|Any CPU
		{7D7E924A-5C4D-4F05-B61D-C07F49ADF859}.Release|Any CPU.Build.0 = Release|Any CPU
	EndGlobalSection
	GlobalSection(SolutionProperties) = preSolution
		HideSolutionNode = FALSE
	EndGlobalSection
	GlobalSection(ExtensibilityGlobals) = postSolution
		SolutionGuid = {83612C84-C010-43A1-A822-4EC99B5B46FB}
	EndGlobalSection
EndGlobal
