
Microsoft Visual Studio Solution File, Format Version 12.00
# Visual Studio Version 17
VisualStudioVersion = 17.14.36518.9 d17.14
MinimumVisualStudioVersion = 10.0.40219.1
Project("{FAE04EC0-301F-11D3-BF4B-00C04F79EFBC}") = "MiniProject", "MiniProject.csproj", "{B05AE890-3678-45A9-AD5F-995E3A2AF6C5}"
EndProject
Global
	GlobalSection(SolutionConfigurationPlatforms) = preSolution
		Debug|Any CPU = Debug|Any CPU
		Release|Any CPU = Release|Any CPU
	EndGlobalSection
	GlobalSection(ProjectConfigurationPlatforms) = postSolution
		{B05AE890-3678-45A9-AD5F-995E3A2AF6C5}.Debug|Any CPU.ActiveCfg = Debug|Any CPU
		{B05AE890-3678-45A9-AD5F-995E3A2AF6C5}.Debug|Any CPU.Build.0 = Debug|Any CPU
		{B05AE890-3678-45A9-AD5F-995E3A2AF6C5}.Release|Any CPU.ActiveCfg = Release|Any CPU
		{B05AE890-3678-45A9-AD5F-995E3A2AF6C5}.Release|Any CPU.Build.0 = Release|Any CPU
	EndGlobalSection
	GlobalSection(SolutionProperties) = preSolution
		HideSolutionNode = FALSE
	EndGlobalSection
	GlobalSection(ExtensibilityGlobals) = postSolution
		SolutionGuid = {0B0B9EAC-F952-474C-97E4-A171632C6CBA}
	EndGlobalSection
EndGlobal
